
Microsoft Visual Studio Solution File, Format Version 12.00
# Visual Studio Version 16
VisualStudioVersion = 16.0.32126.315
MinimumVisualStudioVersion = 10.0.40219.1
Project("{8BC9CEB8-8B4A-11D0-8D11-00A0C91BC942}") = "prefixAverage", "prefixAverage\prefixAverage.vcxproj", "{B44F4080-F246-42A0-852D-35E22F9CB43A}"
EndProject
Global
	GlobalSection(SolutionConfigurationPlatforms) = preSolution
		Debug|x64 = Debug|x64
		Debug|x86 = Debug|x86
		Release|x64 = Release|x64
		Release|x86 = Release|x86
	EndGlobalSection
	GlobalSection(ProjectConfigurationPlatforms) = postSolution
		{B44F4080-F246-42A0-852D-35E22F9CB43A}.Debug|x64.ActiveCfg = Debug|x64
		{B44F4080-F246-42A0-852D-35E22F9CB43A}.Debug|x64.Build.0 = Debug|x64
		{B44F4080-F246-42A0-852D-35E22F9CB43A}.Debug|x86.ActiveCfg = Debug|Win32
		{B44F4080-F246-42A0-852D-35E22F9CB43A}.Debug|x86.Build.0 = Debug|Win32
		{B44F4080-F246-42A0-852D-35E22F9CB43A}.Release|x64.ActiveCfg = Release|x64
		{B44F4080-F246-42A0-852D-35E22F9CB43A}.Release|x64.Build.0 = Release|x64
		{B44F4080-F246-42A0-852D-35E22F9CB43A}.Release|x86.ActiveCfg = Release|Win32
		{B44F4080-F246-42A0-852D-35E22F9CB43A}.Release|x86.Build.0 = Release|Win32
	EndGlobalSection
	GlobalSection(SolutionProperties) = preSolution
		HideSolutionNode = FALSE
	EndGlobalSection
	GlobalSection(ExtensibilityGlobals) = postSolution
		SolutionGuid = {15184BE9-77DA-4EDA-993A-A8C7B494DF46}
	EndGlobalSection
EndGlobal
